
Microsoft Visual Studio Solution File, Format Version 12.00
# Visual Studio Version 17
VisualStudioVersion = 17.0.31903.59
MinimumVisualStudioVersion = 10.0.40219.1
Project("{2150E333-8FDC-42A3-9474-1A3956D46DE8}") = "Tests", "Tests", "{871EC9F6-76F2-48BF-A447-3ADF4E6A630C}"
EndProject
Project("{FAE04EC0-301F-11D3-BF4B-00C04F79EFBC}") = "Nebula.Injecting", "Nebula.Injecting\Nebula.Injecting.csproj", "{44F00A88-418B-4F24-9155-BBAFE76B4A52}"
EndProject
Project("{FAE04EC0-301F-11D3-BF4B-00C04F79EFBC}") = "Nebula.Reporting", "Nebula.Reporting\Nebula.Reporting.csproj", "{C1A7580F-01F6-41D1-BA63-2519A16D71AB}"
EndProject
Project("{FAE04EC0-301F-11D3-BF4B-00C04F79EFBC}") = "Nebula.Reporting.Test", "Tests\Nebula.Reporting.Test\Nebula.Reporting.Test.csproj", "{082E8665-8BD6-49D6-A1EE-51B86E95AFCF}"
EndProject
Project("{FAE04EC0-301F-11D3-BF4B-00C04F79EFBC}") = "Nebula.Reporting.Sample", "Tests\Nebula.Reporting.Sample\Nebula.Reporting.Sample.csproj", "{4415D651-F30A-444A-ADF9-0B263139313F}"
EndProject
Global
	GlobalSection(SolutionConfigurationPlatforms) = preSolution
		Debug|Any CPU = Debug|Any CPU
		Release|Any CPU = Release|Any CPU
	EndGlobalSection
	GlobalSection(ProjectConfigurationPlatforms) = postSolution
		{44F00A88-418B-4F24-9155-BBAFE76B4A52}.Debug|Any CPU.ActiveCfg = Debug|Any CPU
		{44F00A88-418B-4F24-9155-BBAFE76B4A52}.Debug|Any CPU.Build.0 = Debug|Any CPU
		{44F00A88-418B-4F24-9155-BBAFE76B4A52}.Release|Any CPU.ActiveCfg = Release|Any CPU
		{44F00A88-418B-4F24-9155-BBAFE76B4A52}.Release|Any CPU.Build.0 = Release|Any CPU
		{C1A7580F-01F6-41D1-BA63-2519A16D71AB}.Debug|Any CPU.ActiveCfg = Debug|Any CPU
		{C1A7580F-01F6-41D1-BA63-2519A16D71AB}.Debug|Any CPU.Build.0 = Debug|Any CPU
		{C1A7580F-01F6-41D1-BA63-2519A16D71AB}.Release|Any CPU.ActiveCfg = Release|Any CPU
		{C1A7580F-01F6-41D1-BA63-2519A16D71AB}.Release|Any CPU.Build.0 = Release|Any CPU
		{082E8665-8BD6-49D6-A1EE-51B86E95AFCF}.Debug|Any CPU.ActiveCfg = Debug|Any CPU
		{082E8665-8BD6-49D6-A1EE-51B86E95AFCF}.Debug|Any CPU.Build.0 = Debug|Any CPU
		{082E8665-8BD6-49D6-A1EE-51B86E95AFCF}.Release|Any CPU.ActiveCfg = Release|Any CPU
		{082E8665-8BD6-49D6-A1EE-51B86E95AFCF}.Release|Any CPU.Build.0 = Release|Any CPU
		{4415D651-F30A-444A-ADF9-0B263139313F}.Debug|Any CPU.ActiveCfg = Debug|Any CPU
		{4415D651-F30A-444A-ADF9-0B263139313F}.Debug|Any CPU.Build.0 = Debug|Any CPU
		{4415D651-F30A-444A-ADF9-0B263139313F}.Release|Any CPU.ActiveCfg = Release|Any CPU
		{4415D651-F30A-444A-ADF9-0B263139313F}.Release|Any CPU.Build.0 = Release|Any CPU
	EndGlobalSection
	GlobalSection(SolutionProperties) = preSolution
		HideSolutionNode = FALSE
	EndGlobalSection
	GlobalSection(ExtensibilityGlobals) = postSolution
		SolutionGuid = {D167B3FE-A501-49A6-9A67-F801DF8AEAE3}
	EndGlobalSection
	GlobalSection(NestedProjects) = preSolution
		{082E8665-8BD6-49D6-A1EE-51B86E95AFCF} = {871EC9F6-76F2-48BF-A447-3ADF4E6A630C}
		{4415D651-F30A-444A-ADF9-0B263139313F} = {871EC9F6-76F2-48BF-A447-3ADF4E6A630C}
	EndGlobalSection
EndGlobal
