
Microsoft Visual Studio Solution File, Format Version 12.00
# Visual Studio Version 17
VisualStudioVersion = 17.0.31903.59
MinimumVisualStudioVersion = 10.0.40219.1
Project("{FAE04EC0-301F-11D3-BF4B-00C04F79EFBC}") = "Nebula.Buffers", "Nebula.Buffers\Nebula.Buffers.csproj", "{DBCA2126-5831-43E3-927E-E799D435330E}"
EndProject
Project("{2150E333-8FDC-42A3-9474-1A3956D46DE8}") = "Tests", "Tests", "{871EC9F6-76F2-48BF-A447-3ADF4E6A630C}"
EndProject
Project("{FAE04EC0-301F-11D3-BF4B-00C04F79EFBC}") = "Nebula.Buffers.Test", "Tests\Nebula.Buffers.Test\Nebula.Buffers.Test.csproj", "{D842FE3B-F6AC-43AA-8DD0-8954068993E2}"
EndProject
Project("{FAE04EC0-301F-11D3-BF4B-00C04F79EFBC}") = "Nebula.Pooling", "Nebula.Pooling\Nebula.Pooling.csproj", "{EDD03267-662E-4F71-8312-D24AF1826332}"
EndProject
Project("{FAE04EC0-301F-11D3-BF4B-00C04F79EFBC}") = "Nebula.Injection", "Nebula.Injection\Nebula.Injection.csproj", "{B00636FB-0963-44C5-91D7-2890213AE012}"
EndProject
Project("{FAE04EC0-301F-11D3-BF4B-00C04F79EFBC}") = "Nebula.Injection.Test", "Tests\Nebula.Injection.Test\Nebula.Injection.Test.csproj", "{1A09EFB4-243E-4E02-B539-D3CECEF2C384}"
EndProject
Project("{FAE04EC0-301F-11D3-BF4B-00C04F79EFBC}") = "Nebula.Reporting", "Nebula.Reporting\Nebula.Reporting.csproj", "{308805EE-99DB-4B0A-B9E9-17EE79BA6E06}"
EndProject
Project("{FAE04EC0-301F-11D3-BF4B-00C04F79EFBC}") = "Nebula.Attributing", "Nebula.Attributing\Nebula.Attributing.csproj", "{8F4BEFC7-AEEB-42EC-ABC6-735033F78B5D}"
EndProject
Project("{FAE04EC0-301F-11D3-BF4B-00C04F79EFBC}") = "Nebula.Attributing.Test", "Tests\Nebula.Attributing.Test\Nebula.Attributing.Test.csproj", "{59453536-61F6-4EA5-866A-85DEB60E60B4}"
EndProject
Project("{FAE04EC0-301F-11D3-BF4B-00C04F79EFBC}") = "Nebula.Proxying", "Nebula.Proxying\Nebula.Proxying.csproj", "{E498B7CF-07CB-42BC-8022-F0B4245320BD}"
EndProject
Project("{FAE04EC0-301F-11D3-BF4B-00C04F79EFBC}") = "Nebula.Proxying.Test", "Tests\Nebula.Proxying.Test\Nebula.Proxying.Test.csproj", "{DE2148E7-B5C1-4FA7-9ECC-4ECADDF607E7}"
EndProject
Project("{FAE04EC0-301F-11D3-BF4B-00C04F79EFBC}") = "Nebula.Prism", "Nebula.Prism\Nebula.Prism.csproj", "{A8E598BA-5423-4F5D-81E2-D5CB647B7B4F}"
EndProject
Project("{FAE04EC0-301F-11D3-BF4B-00C04F79EFBC}") = "Nebula.Prism.Test", "Tests\Nebula.Prism.Test\Nebula.Prism.Test.csproj", "{505CFB8D-A243-45FC-ABC1-D7CBDF4103E0}"
EndProject
Global
	GlobalSection(SolutionConfigurationPlatforms) = preSolution
		Debug|Any CPU = Debug|Any CPU
		Release|Any CPU = Release|Any CPU
	EndGlobalSection
	GlobalSection(ProjectConfigurationPlatforms) = postSolution
		{DBCA2126-5831-43E3-927E-E799D435330E}.Debug|Any CPU.ActiveCfg = Debug|Any CPU
		{DBCA2126-5831-43E3-927E-E799D435330E}.Debug|Any CPU.Build.0 = Debug|Any CPU
		{DBCA2126-5831-43E3-927E-E799D435330E}.Release|Any CPU.ActiveCfg = Release|Any CPU
		{DBCA2126-5831-43E3-927E-E799D435330E}.Release|Any CPU.Build.0 = Release|Any CPU
		{D842FE3B-F6AC-43AA-8DD0-8954068993E2}.Debug|Any CPU.ActiveCfg = Debug|Any CPU
		{D842FE3B-F6AC-43AA-8DD0-8954068993E2}.Debug|Any CPU.Build.0 = Debug|Any CPU
		{D842FE3B-F6AC-43AA-8DD0-8954068993E2}.Release|Any CPU.ActiveCfg = Release|Any CPU
		{D842FE3B-F6AC-43AA-8DD0-8954068993E2}.Release|Any CPU.Build.0 = Release|Any CPU
		{EDD03267-662E-4F71-8312-D24AF1826332}.Debug|Any CPU.ActiveCfg = Debug|Any CPU
		{EDD03267-662E-4F71-8312-D24AF1826332}.Debug|Any CPU.Build.0 = Debug|Any CPU
		{EDD03267-662E-4F71-8312-D24AF1826332}.Release|Any CPU.ActiveCfg = Release|Any CPU
		{EDD03267-662E-4F71-8312-D24AF1826332}.Release|Any CPU.Build.0 = Release|Any CPU
		{B00636FB-0963-44C5-91D7-2890213AE012}.Debug|Any CPU.ActiveCfg = Debug|Any CPU
		{B00636FB-0963-44C5-91D7-2890213AE012}.Debug|Any CPU.Build.0 = Debug|Any CPU
		{B00636FB-0963-44C5-91D7-2890213AE012}.Release|Any CPU.ActiveCfg = Release|Any CPU
		{B00636FB-0963-44C5-91D7-2890213AE012}.Release|Any CPU.Build.0 = Release|Any CPU
		{1A09EFB4-243E-4E02-B539-D3CECEF2C384}.Debug|Any CPU.ActiveCfg = Debug|Any CPU
		{1A09EFB4-243E-4E02-B539-D3CECEF2C384}.Debug|Any CPU.Build.0 = Debug|Any CPU
		{1A09EFB4-243E-4E02-B539-D3CECEF2C384}.Release|Any CPU.ActiveCfg = Release|Any CPU
		{1A09EFB4-243E-4E02-B539-D3CECEF2C384}.Release|Any CPU.Build.0 = Release|Any CPU
		{308805EE-99DB-4B0A-B9E9-17EE79BA6E06}.Debug|Any CPU.ActiveCfg = Debug|Any CPU
		{308805EE-99DB-4B0A-B9E9-17EE79BA6E06}.Debug|Any CPU.Build.0 = Debug|Any CPU
		{308805EE-99DB-4B0A-B9E9-17EE79BA6E06}.Release|Any CPU.ActiveCfg = Release|Any CPU
		{308805EE-99DB-4B0A-B9E9-17EE79BA6E06}.Release|Any CPU.Build.0 = Release|Any CPU
		{8F4BEFC7-AEEB-42EC-ABC6-735033F78B5D}.Debug|Any CPU.ActiveCfg = Debug|Any CPU
		{8F4BEFC7-AEEB-42EC-ABC6-735033F78B5D}.Debug|Any CPU.Build.0 = Debug|Any CPU
		{8F4BEFC7-AEEB-42EC-ABC6-735033F78B5D}.Release|Any CPU.ActiveCfg = Release|Any CPU
		{8F4BEFC7-AEEB-42EC-ABC6-735033F78B5D}.Release|Any CPU.Build.0 = Release|Any CPU
		{59453536-61F6-4EA5-866A-85DEB60E60B4}.Debug|Any CPU.ActiveCfg = Debug|Any CPU
		{59453536-61F6-4EA5-866A-85DEB60E60B4}.Debug|Any CPU.Build.0 = Debug|Any CPU
		{59453536-61F6-4EA5-866A-85DEB60E60B4}.Release|Any CPU.ActiveCfg = Release|Any CPU
		{59453536-61F6-4EA5-866A-85DEB60E60B4}.Release|Any CPU.Build.0 = Release|Any CPU
		{E498B7CF-07CB-42BC-8022-F0B4245320BD}.Debug|Any CPU.ActiveCfg = Debug|Any CPU
		{E498B7CF-07CB-42BC-8022-F0B4245320BD}.Debug|Any CPU.Build.0 = Debug|Any CPU
		{E498B7CF-07CB-42BC-8022-F0B4245320BD}.Release|Any CPU.ActiveCfg = Release|Any CPU
		{E498B7CF-07CB-42BC-8022-F0B4245320BD}.Release|Any CPU.Build.0 = Release|Any CPU
		{DE2148E7-B5C1-4FA7-9ECC-4ECADDF607E7}.Debug|Any CPU.ActiveCfg = Debug|Any CPU
		{DE2148E7-B5C1-4FA7-9ECC-4ECADDF607E7}.Debug|Any CPU.Build.0 = Debug|Any CPU
		{DE2148E7-B5C1-4FA7-9ECC-4ECADDF607E7}.Release|Any CPU.ActiveCfg = Release|Any CPU
		{DE2148E7-B5C1-4FA7-9ECC-4ECADDF607E7}.Release|Any CPU.Build.0 = Release|Any CPU
		{A8E598BA-5423-4F5D-81E2-D5CB647B7B4F}.Debug|Any CPU.ActiveCfg = Debug|Any CPU
		{A8E598BA-5423-4F5D-81E2-D5CB647B7B4F}.Debug|Any CPU.Build.0 = Debug|Any CPU
		{A8E598BA-5423-4F5D-81E2-D5CB647B7B4F}.Release|Any CPU.ActiveCfg = Release|Any CPU
		{A8E598BA-5423-4F5D-81E2-D5CB647B7B4F}.Release|Any CPU.Build.0 = Release|Any CPU
		{505CFB8D-A243-45FC-ABC1-D7CBDF4103E0}.Debug|Any CPU.ActiveCfg = Debug|Any CPU
		{505CFB8D-A243-45FC-ABC1-D7CBDF4103E0}.Debug|Any CPU.Build.0 = Debug|Any CPU
		{505CFB8D-A243-45FC-ABC1-D7CBDF4103E0}.Release|Any CPU.ActiveCfg = Release|Any CPU
		{505CFB8D-A243-45FC-ABC1-D7CBDF4103E0}.Release|Any CPU.Build.0 = Release|Any CPU
	EndGlobalSection
	GlobalSection(SolutionProperties) = preSolution
		HideSolutionNode = FALSE
	EndGlobalSection
	GlobalSection(ExtensibilityGlobals) = postSolution
		SolutionGuid = {D167B3FE-A501-49A6-9A67-F801DF8AEAE3}
	EndGlobalSection
	GlobalSection(NestedProjects) = preSolution
		{D842FE3B-F6AC-43AA-8DD0-8954068993E2} = {871EC9F6-76F2-48BF-A447-3ADF4E6A630C}
		{1A09EFB4-243E-4E02-B539-D3CECEF2C384} = {871EC9F6-76F2-48BF-A447-3ADF4E6A630C}
		{59453536-61F6-4EA5-866A-85DEB60E60B4} = {871EC9F6-76F2-48BF-A447-3ADF4E6A630C}
		{DE2148E7-B5C1-4FA7-9ECC-4ECADDF607E7} = {871EC9F6-76F2-48BF-A447-3ADF4E6A630C}
		{505CFB8D-A243-45FC-ABC1-D7CBDF4103E0} = {871EC9F6-76F2-48BF-A447-3ADF4E6A630C}
	EndGlobalSection
EndGlobal
